
Microsoft Visual Studio Solution File, Format Version 12.00
# Visual Studio Version 17
VisualStudioVersion = 17.1.32421.90
MinimumVisualStudioVersion = 10.0.40219.1
Project("{FAE04EC0-301F-11D3-BF4B-00C04F79EFBC}") = "PoePartThreeFinal", "PoePartThreeFinal.csproj", "{EFC8E500-BB2B-4C3B-AAE2-F01646CEBA4A}"
EndProject
Global
	GlobalSection(SolutionConfigurationPlatforms) = preSolution
		Debug|ARM = Debug|ARM
		Debug|ARM64 = Debug|ARM64
		Debug|x64 = Debug|x64
		Debug|x86 = Debug|x86
		Release|ARM = Release|ARM
		Release|ARM64 = Release|ARM64
		Release|x64 = Release|x64
		Release|x86 = Release|x86
	EndGlobalSection
	GlobalSection(ProjectConfigurationPlatforms) = postSolution
		{EFC8E500-BB2B-4C3B-AAE2-F01646CEBA4A}.Debug|ARM.ActiveCfg = Debug|ARM
		{EFC8E500-BB2B-4C3B-AAE2-F01646CEBA4A}.Debug|ARM.Build.0 = Debug|ARM
		{EFC8E500-BB2B-4C3B-AAE2-F01646CEBA4A}.Debug|ARM.Deploy.0 = Debug|ARM
		{EFC8E500-BB2B-4C3B-AAE2-F01646CEBA4A}.Debug|ARM64.ActiveCfg = Debug|ARM64
		{EFC8E500-BB2B-4C3B-AAE2-F01646CEBA4A}.Debug|ARM64.Build.0 = Debug|ARM64
		{EFC8E500-BB2B-4C3B-AAE2-F01646CEBA4A}.Debug|ARM64.Deploy.0 = Debug|ARM64
		{EFC8E500-BB2B-4C3B-AAE2-F01646CEBA4A}.Debug|x64.ActiveCfg = Debug|x64
		{EFC8E500-BB2B-4C3B-AAE2-F01646CEBA4A}.Debug|x64.Build.0 = Debug|x64
		{EFC8E500-BB2B-4C3B-AAE2-F01646CEBA4A}.Debug|x64.Deploy.0 = Debug|x64
		{EFC8E500-BB2B-4C3B-AAE2-F01646CEBA4A}.Debug|x86.ActiveCfg = Debug|x86
		{EFC8E500-BB2B-4C3B-AAE2-F01646CEBA4A}.Debug|x86.Build.0 = Debug|x86
		{EFC8E500-BB2B-4C3B-AAE2-F01646CEBA4A}.Debug|x86.Deploy.0 = Debug|x86
		{EFC8E500-BB2B-4C3B-AAE2-F01646CEBA4A}.Release|ARM.ActiveCfg = Release|ARM
		{EFC8E500-BB2B-4C3B-AAE2-F01646CEBA4A}.Release|ARM.Build.0 = Release|ARM
		{EFC8E500-BB2B-4C3B-AAE2-F01646CEBA4A}.Release|ARM.Deploy.0 = Release|ARM
		{EFC8E500-BB2B-4C3B-AAE2-F01646CEBA4A}.Release|ARM64.ActiveCfg = Release|ARM64
		{EFC8E500-BB2B-4C3B-AAE2-F01646CEBA4A}.Release|ARM64.Build.0 = Release|ARM64
		{EFC8E500-BB2B-4C3B-AAE2-F01646CEBA4A}.Release|ARM64.Deploy.0 = Release|ARM64
		{EFC8E500-BB2B-4C3B-AAE2-F01646CEBA4A}.Release|x64.ActiveCfg = Release|x64
		{EFC8E500-BB2B-4C3B-AAE2-F01646CEBA4A}.Release|x64.Build.0 = Release|x64
		{EFC8E500-BB2B-4C3B-AAE2-F01646CEBA4A}.Release|x64.Deploy.0 = Release|x64
		{EFC8E500-BB2B-4C3B-AAE2-F01646CEBA4A}.Release|x86.ActiveCfg = Release|x86
		{EFC8E500-BB2B-4C3B-AAE2-F01646CEBA4A}.Release|x86.Build.0 = Release|x86
		{EFC8E500-BB2B-4C3B-AAE2-F01646CEBA4A}.Release|x86.Deploy.0 = Release|x86
	EndGlobalSection
	GlobalSection(SolutionProperties) = preSolution
		HideSolutionNode = FALSE
	EndGlobalSection
	GlobalSection(ExtensibilityGlobals) = postSolution
		SolutionGuid = {EE91E490-0868-4838-8E6D-B4A6C2A783CA}
	EndGlobalSection
EndGlobal
